
Microsoft Visual Studio Solution File, Format Version 12.00
# Visual Studio Version 17
VisualStudioVersion = 17.7.34031.279
MinimumVisualStudioVersion = 10.0.40219.1
Project("{FAE04EC0-301F-11D3-BF4B-00C04F79EFBC}") = "LocalNotifications.Android", "LocalNotifications\LocalNotifications.Android\LocalNotifications.Android.csproj", "{4E59F68A-6B7A-44F5-AD00-AF5030D22D8B}"
EndProject
Project("{FAE04EC0-301F-11D3-BF4B-00C04F79EFBC}") = "LocalNotifications.iOS", "LocalNotifications\LocalNotifications.iOS\LocalNotifications.iOS.csproj", "{CA80B751-F616-492B-89C0-ED078D3196BD}"
EndProject
Project("{FAE04EC0-301F-11D3-BF4B-00C04F79EFBC}") = "LocalNotifications", "LocalNotifications\LocalNotifications\LocalNotifications.csproj", "{25601C7E-C8A0-4DB5-AA2C-B1A7FDA4B837}"
EndProject
Global
	GlobalSection(SolutionConfigurationPlatforms) = preSolution
		Debug|Any CPU = Debug|Any CPU
		Debug|iPhone = Debug|iPhone
		Debug|iPhoneSimulator = Debug|iPhoneSimulator
		Release|Any CPU = Release|Any CPU
		Release|iPhone = Release|iPhone
		Release|iPhoneSimulator = Release|iPhoneSimulator
	EndGlobalSection
	GlobalSection(ProjectConfigurationPlatforms) = postSolution
		{4E59F68A-6B7A-44F5-AD00-AF5030D22D8B}.Debug|Any CPU.ActiveCfg = Debug|Any CPU
		{4E59F68A-6B7A-44F5-AD00-AF5030D22D8B}.Debug|Any CPU.Build.0 = Debug|Any CPU
		{4E59F68A-6B7A-44F5-AD00-AF5030D22D8B}.Debug|Any CPU.Deploy.0 = Debug|Any CPU
		{4E59F68A-6B7A-44F5-AD00-AF5030D22D8B}.Debug|iPhone.ActiveCfg = Debug|Any CPU
		{4E59F68A-6B7A-44F5-AD00-AF5030D22D8B}.Debug|iPhone.Build.0 = Debug|Any CPU
		{4E59F68A-6B7A-44F5-AD00-AF5030D22D8B}.Debug|iPhone.Deploy.0 = Debug|Any CPU
		{4E59F68A-6B7A-44F5-AD00-AF5030D22D8B}.Debug|iPhoneSimulator.ActiveCfg = Debug|Any CPU
		{4E59F68A-6B7A-44F5-AD00-AF5030D22D8B}.Debug|iPhoneSimulator.Build.0 = Debug|Any CPU
		{4E59F68A-6B7A-44F5-AD00-AF5030D22D8B}.Debug|iPhoneSimulator.Deploy.0 = Debug|Any CPU
		{4E59F68A-6B7A-44F5-AD00-AF5030D22D8B}.Release|Any CPU.ActiveCfg = Release|Any CPU
		{4E59F68A-6B7A-44F5-AD00-AF5030D22D8B}.Release|Any CPU.Build.0 = Release|Any CPU
		{4E59F68A-6B7A-44F5-AD00-AF5030D22D8B}.Release|Any CPU.Deploy.0 = Release|Any CPU
		{4E59F68A-6B7A-44F5-AD00-AF5030D22D8B}.Release|iPhone.ActiveCfg = Release|Any CPU
		{4E59F68A-6B7A-44F5-AD00-AF5030D22D8B}.Release|iPhone.Build.0 = Release|Any CPU
		{4E59F68A-6B7A-44F5-AD00-AF5030D22D8B}.Release|iPhone.Deploy.0 = Release|Any CPU
		{4E59F68A-6B7A-44F5-AD00-AF5030D22D8B}.Release|iPhoneSimulator.ActiveCfg = Release|Any CPU
		{4E59F68A-6B7A-44F5-AD00-AF5030D22D8B}.Release|iPhoneSimulator.Build.0 = Release|Any CPU
		{4E59F68A-6B7A-44F5-AD00-AF5030D22D8B}.Release|iPhoneSimulator.Deploy.0 = Release|Any CPU
		{CA80B751-F616-492B-89C0-ED078D3196BD}.Debug|Any CPU.ActiveCfg = Debug|iPhone
		{CA80B751-F616-492B-89C0-ED078D3196BD}.Debug|Any CPU.Build.0 = Debug|iPhone
		{CA80B751-F616-492B-89C0-ED078D3196BD}.Debug|Any CPU.Deploy.0 = Debug|iPhone
		{CA80B751-F616-492B-89C0-ED078D3196BD}.Debug|iPhone.ActiveCfg = Debug|iPhone
		{CA80B751-F616-492B-89C0-ED078D3196BD}.Debug|iPhone.Build.0 = Debug|iPhone
		{CA80B751-F616-492B-89C0-ED078D3196BD}.Debug|iPhone.Deploy.0 = Debug|iPhone
		{CA80B751-F616-492B-89C0-ED078D3196BD}.Debug|iPhoneSimulator.ActiveCfg = Debug|iPhoneSimulator
		{CA80B751-F616-492B-89C0-ED078D3196BD}.Debug|iPhoneSimulator.Build.0 = Debug|iPhoneSimulator
		{CA80B751-F616-492B-89C0-ED078D3196BD}.Debug|iPhoneSimulator.Deploy.0 = Debug|iPhoneSimulator
		{CA80B751-F616-492B-89C0-ED078D3196BD}.Release|Any CPU.ActiveCfg = Release|iPhoneSimulator
		{CA80B751-F616-492B-89C0-ED078D3196BD}.Release|Any CPU.Build.0 = Release|iPhoneSimulator
		{CA80B751-F616-492B-89C0-ED078D3196BD}.Release|Any CPU.Deploy.0 = Release|iPhoneSimulator
		{CA80B751-F616-492B-89C0-ED078D3196BD}.Release|iPhone.ActiveCfg = Release|iPhone
		{CA80B751-F616-492B-89C0-ED078D3196BD}.Release|iPhone.Build.0 = Release|iPhone
		{CA80B751-F616-492B-89C0-ED078D3196BD}.Release|iPhone.Deploy.0 = Release|iPhone
		{CA80B751-F616-492B-89C0-ED078D3196BD}.Release|iPhoneSimulator.ActiveCfg = Release|iPhoneSimulator
		{CA80B751-F616-492B-89C0-ED078D3196BD}.Release|iPhoneSimulator.Build.0 = Release|iPhoneSimulator
		{CA80B751-F616-492B-89C0-ED078D3196BD}.Release|iPhoneSimulator.Deploy.0 = Release|iPhoneSimulator
		{25601C7E-C8A0-4DB5-AA2C-B1A7FDA4B837}.Debug|Any CPU.ActiveCfg = Debug|Any CPU
		{25601C7E-C8A0-4DB5-AA2C-B1A7FDA4B837}.Debug|Any CPU.Build.0 = Debug|Any CPU
		{25601C7E-C8A0-4DB5-AA2C-B1A7FDA4B837}.Debug|Any CPU.Deploy.0 = Debug|Any CPU
		{25601C7E-C8A0-4DB5-AA2C-B1A7FDA4B837}.Debug|iPhone.ActiveCfg = Debug|Any CPU
		{25601C7E-C8A0-4DB5-AA2C-B1A7FDA4B837}.Debug|iPhone.Build.0 = Debug|Any CPU
		{25601C7E-C8A0-4DB5-AA2C-B1A7FDA4B837}.Debug|iPhone.Deploy.0 = Debug|Any CPU
		{25601C7E-C8A0-4DB5-AA2C-B1A7FDA4B837}.Debug|iPhoneSimulator.ActiveCfg = Debug|Any CPU
		{25601C7E-C8A0-4DB5-AA2C-B1A7FDA4B837}.Debug|iPhoneSimulator.Build.0 = Debug|Any CPU
		{25601C7E-C8A0-4DB5-AA2C-B1A7FDA4B837}.Debug|iPhoneSimulator.Deploy.0 = Debug|Any CPU
		{25601C7E-C8A0-4DB5-AA2C-B1A7FDA4B837}.Release|Any CPU.ActiveCfg = Release|Any CPU
		{25601C7E-C8A0-4DB5-AA2C-B1A7FDA4B837}.Release|Any CPU.Build.0 = Release|Any CPU
		{25601C7E-C8A0-4DB5-AA2C-B1A7FDA4B837}.Release|Any CPU.Deploy.0 = Release|Any CPU
		{25601C7E-C8A0-4DB5-AA2C-B1A7FDA4B837}.Release|iPhone.ActiveCfg = Release|Any CPU
		{25601C7E-C8A0-4DB5-AA2C-B1A7FDA4B837}.Release|iPhone.Build.0 = Release|Any CPU
		{25601C7E-C8A0-4DB5-AA2C-B1A7FDA4B837}.Release|iPhone.Deploy.0 = Release|Any CPU
		{25601C7E-C8A0-4DB5-AA2C-B1A7FDA4B837}.Release|iPhoneSimulator.ActiveCfg = Release|Any CPU
		{25601C7E-C8A0-4DB5-AA2C-B1A7FDA4B837}.Release|iPhoneSimulator.Build.0 = Release|Any CPU
		{25601C7E-C8A0-4DB5-AA2C-B1A7FDA4B837}.Release|iPhoneSimulator.Deploy.0 = Release|Any CPU
	EndGlobalSection
	GlobalSection(SolutionProperties) = preSolution
		HideSolutionNode = FALSE
	EndGlobalSection
	GlobalSection(ExtensibilityGlobals) = postSolution
		SolutionGuid = {1A672B96-B894-44AE-82CD-6209ED4BC434}
	EndGlobalSection
EndGlobal
